
Microsoft Visual Studio Solution File, Format Version 12.00
# Visual Studio Version 17
VisualStudioVersion = 17.5.33516.290
MinimumVisualStudioVersion = 10.0.40219.1
Project("{9A19103F-16F7-4668-BE54-9A1E7A4F7556}") = "OrderScheduler", "OrderScheduler\OrderScheduler.csproj", "{6A0BD0D7-CA01-4FDF-8A4B-40C696A6EE5E}"
EndProject
Project("{2150E333-8FDC-42A3-9474-1A3956D46DE8}") = "Application", "Application", "{5DB3E181-D846-43F5-A123-336D60875576}"
EndProject
Project("{2150E333-8FDC-42A3-9474-1A3956D46DE8}") = "Domain", "Domain", "{EE7B4AB9-F781-4B53-93CE-8E0FCBED10D3}"
EndProject
Project("{2150E333-8FDC-42A3-9474-1A3956D46DE8}") = "Infrastructure", "Infrastructure", "{7F648E17-9F4E-470B-A10B-347EF52FD449}"
EndProject
Project("{FAE04EC0-301F-11D3-BF4B-00C04F79EFBC}") = "OrderSchduler.Application", "OrderSchduler.Application\OrderSchduler.Application.csproj", "{77377396-4ABC-4145-B9A9-9B0FF01C986F}"
EndProject
Project("{FAE04EC0-301F-11D3-BF4B-00C04F79EFBC}") = "OrderScheduler.Domain", "OrderScheduler.Domain\OrderScheduler.Domain.csproj", "{8E1B7D9D-EFE6-45E5-B5B3-1324DA469848}"
EndProject
Project("{FAE04EC0-301F-11D3-BF4B-00C04F79EFBC}") = "OrderScheduler.Infrastructure", "OrderScheduler.Infrastructure\OrderScheduler.Infrastructure.csproj", "{E7682074-48C4-4EEB-BD75-A099C3673891}"
EndProject
Project("{2150E333-8FDC-42A3-9474-1A3956D46DE8}") = "Solution Items", "Solution Items", "{D3D3013D-B12E-47BB-908B-6D4EA97A7446}"
	ProjectSection(SolutionItems) = preProject
		.editorconfig = .editorconfig
	EndProjectSection
EndProject
Global
	GlobalSection(SolutionConfigurationPlatforms) = preSolution
		Debug|Any CPU = Debug|Any CPU
		Release|Any CPU = Release|Any CPU
	EndGlobalSection
	GlobalSection(ProjectConfigurationPlatforms) = postSolution
		{6A0BD0D7-CA01-4FDF-8A4B-40C696A6EE5E}.Debug|Any CPU.ActiveCfg = Debug|Any CPU
		{6A0BD0D7-CA01-4FDF-8A4B-40C696A6EE5E}.Debug|Any CPU.Build.0 = Debug|Any CPU
		{6A0BD0D7-CA01-4FDF-8A4B-40C696A6EE5E}.Release|Any CPU.ActiveCfg = Release|Any CPU
		{6A0BD0D7-CA01-4FDF-8A4B-40C696A6EE5E}.Release|Any CPU.Build.0 = Release|Any CPU
		{77377396-4ABC-4145-B9A9-9B0FF01C986F}.Debug|Any CPU.ActiveCfg = Debug|Any CPU
		{77377396-4ABC-4145-B9A9-9B0FF01C986F}.Debug|Any CPU.Build.0 = Debug|Any CPU
		{77377396-4ABC-4145-B9A9-9B0FF01C986F}.Release|Any CPU.ActiveCfg = Release|Any CPU
		{77377396-4ABC-4145-B9A9-9B0FF01C986F}.Release|Any CPU.Build.0 = Release|Any CPU
		{8E1B7D9D-EFE6-45E5-B5B3-1324DA469848}.Debug|Any CPU.ActiveCfg = Debug|Any CPU
		{8E1B7D9D-EFE6-45E5-B5B3-1324DA469848}.Debug|Any CPU.Build.0 = Debug|Any CPU
		{8E1B7D9D-EFE6-45E5-B5B3-1324DA469848}.Release|Any CPU.ActiveCfg = Release|Any CPU
		{8E1B7D9D-EFE6-45E5-B5B3-1324DA469848}.Release|Any CPU.Build.0 = Release|Any CPU
		{E7682074-48C4-4EEB-BD75-A099C3673891}.Debug|Any CPU.ActiveCfg = Debug|Any CPU
		{E7682074-48C4-4EEB-BD75-A099C3673891}.Debug|Any CPU.Build.0 = Debug|Any CPU
		{E7682074-48C4-4EEB-BD75-A099C3673891}.Release|Any CPU.ActiveCfg = Release|Any CPU
		{E7682074-48C4-4EEB-BD75-A099C3673891}.Release|Any CPU.Build.0 = Release|Any CPU
	EndGlobalSection
	GlobalSection(SolutionProperties) = preSolution
		HideSolutionNode = FALSE
	EndGlobalSection
	GlobalSection(NestedProjects) = preSolution
		{77377396-4ABC-4145-B9A9-9B0FF01C986F} = {5DB3E181-D846-43F5-A123-336D60875576}
		{8E1B7D9D-EFE6-45E5-B5B3-1324DA469848} = {EE7B4AB9-F781-4B53-93CE-8E0FCBED10D3}
		{E7682074-48C4-4EEB-BD75-A099C3673891} = {7F648E17-9F4E-470B-A10B-347EF52FD449}
	EndGlobalSection
	GlobalSection(ExtensibilityGlobals) = postSolution
		SolutionGuid = {681D10C4-FA76-42E4-808E-9F0C5386C4BC}
	EndGlobalSection
EndGlobal
